
Microsoft Visual Studio Solution File, Format Version 12.00
# Visual Studio 15
VisualStudioVersion = 15.0.27703.2026
MinimumVisualStudioVersion = 10.0.40219.1
Project("{FAE04EC0-301F-11D3-BF4B-00C04F79EFBC}") = "Soundboard", "Soundboard\Soundboard.csproj", "{DCFD1775-D4A9-4672-B34A-F158A9AD0EB7}"
EndProject
Global
	GlobalSection(SolutionConfigurationPlatforms) = preSolution
		Debug|Any CPU = Debug|Any CPU
		Release|Any CPU = Release|Any CPU
	EndGlobalSection
	GlobalSection(ProjectConfigurationPlatforms) = postSolution
		{DCFD1775-D4A9-4672-B34A-F158A9AD0EB7}.Debug|Any CPU.ActiveCfg = Debug|Any CPU
		{DCFD1775-D4A9-4672-B34A-F158A9AD0EB7}.Debug|Any CPU.Build.0 = Debug|Any CPU
		{DCFD1775-D4A9-4672-B34A-F158A9AD0EB7}.Release|Any CPU.ActiveCfg = Release|Any CPU
		{DCFD1775-D4A9-4672-B34A-F158A9AD0EB7}.Release|Any CPU.Build.0 = Release|Any CPU
	EndGlobalSection
	GlobalSection(SolutionProperties) = preSolution
		HideSolutionNode = FALSE
	EndGlobalSection
	GlobalSection(ExtensibilityGlobals) = postSolution
		SolutionGuid = {22F4B269-4789-41F0-9BE1-172FB5946E9E}
	EndGlobalSection
EndGlobal
